// !$*UTF8*$!
{
	archiveVersion = 1;
	classes = {
	};
	objectVersion = 46;
	objects = {

/* Begin PBXBuildFile section */
		D8485B5E1EC3873B00888EB1 /* main.cpp in Sources */ = {isa = PBXBuildFile; fileRef = D8485B5D1EC3873B00888EB1 /* main.cpp */; };
		D8485B661EC3876800888EB1 /* Game.cpp in Sources */ = {isa = PBXBuildFile; fileRef = D8485B641EC3876800888EB1 /* Game.cpp */; };
		D8485B691EC3883B00888EB1 /* Board.cpp in Sources */ = {isa = PBXBuildFile; fileRef = D8485B671EC3883B00888EB1 /* Board.cpp */; };
		D8485B6C1EC3E07000888EB1 /* Piece.cpp in Sources */ = {isa = PBXBuildFile; fileRef = D8485B6A1EC3E07000888EB1 /* Piece.cpp */; };
		D8485B6F1EC3EAF700888EB1 /* Player.cpp in Sources */ = {isa = PBXBuildFile; fileRef = D8485B6D1EC3EAF700888EB1 /* Player.cpp */; };
		D8691D2D1EC8B71A00314144 /* FoxAndHounds.cpp in Sources */ = {isa = PBXBuildFile; fileRef = D8691D2B1EC8B71A00314144 /* FoxAndHounds.cpp */; };
		D8691D301EC8CC2500314144 /* Fox.cpp in Sources */ = {isa = PBXBuildFile; fileRef = D8691D2E1EC8CC2500314144 /* Fox.cpp */; };
		D8691D331EC8CDE900314144 /* Hound.cpp in Sources */ = {isa = PBXBuildFile; fileRef = D8691D311EC8CDE900314144 /* Hound.cpp */; };
/* End PBXBuildFile section */

/* Begin PBXCopyFilesBuildPhase section */
		D8485B581EC3873B00888EB1 /* CopyFiles */ = {
			isa = PBXCopyFilesBuildPhase;
			buildActionMask = 2147483647;
			dstPath = /usr/share/man/man1/;
			dstSubfolderSpec = 0;
			files = (
			);
			runOnlyForDeploymentPostprocessing = 1;
		};
/* End PBXCopyFilesBuildPhase section */

/* Begin PBXFileReference section */
		D8485B5A1EC3873B00888EB1 /* BrilliantBoardGames */ = {isa = PBXFileReference; explicitFileType = "compiled.mach-o.executable"; includeInIndex = 0; path = BrilliantBoardGames; sourceTree = BUILT_PRODUCTS_DIR; };
		D8485B5D1EC3873B00888EB1 /* main.cpp */ = {isa = PBXFileReference; lastKnownFileType = sourcecode.cpp.cpp; path = main.cpp; sourceTree = "<group>"; };
		D8485B641EC3876800888EB1 /* Game.cpp */ = {isa = PBXFileReference; fileEncoding = 4; lastKnownFileType = sourcecode.cpp.cpp; path = Game.cpp; sourceTree = "<group>"; };
		D8485B651EC3876800888EB1 /* Game.h */ = {isa = PBXFileReference; fileEncoding = 4; lastKnownFileType = sourcecode.c.h; path = Game.h; sourceTree = "<group>"; };
		D8485B671EC3883B00888EB1 /* Board.cpp */ = {isa = PBXFileReference; fileEncoding = 4; lastKnownFileType = sourcecode.cpp.cpp; path = Board.cpp; sourceTree = "<group>"; };
		D8485B681EC3883B00888EB1 /* Board.h */ = {isa = PBXFileReference; fileEncoding = 4; lastKnownFileType = sourcecode.c.h; path = Board.h; sourceTree = "<group>"; };
		D8485B6A1EC3E07000888EB1 /* Piece.cpp */ = {isa = PBXFileReference; fileEncoding = 4; lastKnownFileType = sourcecode.cpp.cpp; path = Piece.cpp; sourceTree = "<group>"; };
		D8485B6B1EC3E07000888EB1 /* Piece.h */ = {isa = PBXFileReference; fileEncoding = 4; lastKnownFileType = sourcecode.c.h; path = Piece.h; sourceTree = "<group>"; };
		D8485B6D1EC3EAF700888EB1 /* Player.cpp */ = {isa = PBXFileReference; fileEncoding = 4; lastKnownFileType = sourcecode.cpp.cpp; path = Player.cpp; sourceTree = "<group>"; };
		D8485B6E1EC3EAF700888EB1 /* Player.h */ = {isa = PBXFileReference; fileEncoding = 4; lastKnownFileType = sourcecode.c.h; path = Player.h; sourceTree = "<group>"; };
		D8691D2B1EC8B71A00314144 /* FoxAndHounds.cpp */ = {isa = PBXFileReference; fileEncoding = 4; lastKnownFileType = sourcecode.cpp.cpp; path = FoxAndHounds.cpp; sourceTree = "<group>"; };
		D8691D2C1EC8B71A00314144 /* FoxAndHounds.h */ = {isa = PBXFileReference; fileEncoding = 4; lastKnownFileType = sourcecode.c.h; path = FoxAndHounds.h; sourceTree = "<group>"; };
		D8691D2E1EC8CC2500314144 /* Fox.cpp */ = {isa = PBXFileReference; fileEncoding = 4; lastKnownFileType = sourcecode.cpp.cpp; path = Fox.cpp; sourceTree = "<group>"; };
		D8691D2F1EC8CC2500314144 /* Fox.h */ = {isa = PBXFileReference; fileEncoding = 4; lastKnownFileType = sourcecode.c.h; path = Fox.h; sourceTree = "<group>"; };
		D8691D311EC8CDE900314144 /* Hound.cpp */ = {isa = PBXFileReference; fileEncoding = 4; lastKnownFileType = sourcecode.cpp.cpp; path = Hound.cpp; sourceTree = "<group>"; };
		D8691D321EC8CDE900314144 /* Hound.h */ = {isa = PBXFileReference; fileEncoding = 4; lastKnownFileType = sourcecode.c.h; path = Hound.h; sourceTree = "<group>"; };
/* End PBXFileReference section */

/* Begin PBXFrameworksBuildPhase section */
		D8485B571EC3873B00888EB1 /* Frameworks */ = {
			isa = PBXFrameworksBuildPhase;
			buildActionMask = 2147483647;
			files = (
			);
			runOnlyForDeploymentPostprocessing = 0;
		};
/* End PBXFrameworksBuildPhase section */

/* Begin PBXGroup section */
		D8485B511EC3873B00888EB1 = {
			isa = PBXGroup;
			children = (
				D8485B5C1EC3873B00888EB1 /* BrilliantBoardGames */,
				D8485B5B1EC3873B00888EB1 /* Products */,
			);
			sourceTree = "<group>";
		};
		D8485B5B1EC3873B00888EB1 /* Products */ = {
			isa = PBXGroup;
			children = (
				D8485B5A1EC3873B00888EB1 /* BrilliantBoardGames */,
			);
			name = Products;
			sourceTree = "<group>";
		};
		D8485B5C1EC3873B00888EB1 /* BrilliantBoardGames */ = {
			isa = PBXGroup;
			children = (
				D8485B5D1EC3873B00888EB1 /* main.cpp */,
				D8485B641EC3876800888EB1 /* Game.cpp */,
				D8485B651EC3876800888EB1 /* Game.h */,
				D8691D2B1EC8B71A00314144 /* FoxAndHounds.cpp */,
				D8691D2C1EC8B71A00314144 /* FoxAndHounds.h */,
				D8485B6A1EC3E07000888EB1 /* Piece.cpp */,
				D8485B6B1EC3E07000888EB1 /* Piece.h */,
				D8691D2E1EC8CC2500314144 /* Fox.cpp */,
				D8691D2F1EC8CC2500314144 /* Fox.h */,
				D8691D311EC8CDE900314144 /* Hound.cpp */,
				D8691D321EC8CDE900314144 /* Hound.h */,
				D8485B6D1EC3EAF700888EB1 /* Player.cpp */,
				D8485B6E1EC3EAF700888EB1 /* Player.h */,
				D8485B671EC3883B00888EB1 /* Board.cpp */,
				D8485B681EC3883B00888EB1 /* Board.h */,
			);
			path = BrilliantBoardGames;
			sourceTree = "<group>";
		};
/* End PBXGroup section */

/* Begin PBXNativeTarget section */
		D8485B591EC3873B00888EB1 /* BrilliantBoardGames */ = {
			isa = PBXNativeTarget;
			buildConfigurationList = D8485B611EC3873B00888EB1 /* Build configuration list for PBXNativeTarget "BrilliantBoardGames" */;
			buildPhases = (
				D8485B561EC3873B00888EB1 /* Sources */,
				D8485B571EC3873B00888EB1 /* Frameworks */,
				D8485B581EC3873B00888EB1 /* CopyFiles */,
			);
			buildRules = (
			);
			dependencies = (
			);
			name = BrilliantBoardGames;
			productName = BrilliantBoardGames;
			productReference = D8485B5A1EC3873B00888EB1 /* BrilliantBoardGames */;
			productType = "com.apple.product-type.tool";
		};
/* End PBXNativeTarget section */

/* Begin PBXProject section */
		D8485B521EC3873B00888EB1 /* Project object */ = {
			isa = PBXProject;
			attributes = {
				LastUpgradeCheck = 0830;
				ORGANIZATIONNAME = "Ármann Ari Árnason";
				TargetAttributes = {
					D8485B591EC3873B00888EB1 = {
						CreatedOnToolsVersion = 8.3.2;
						ProvisioningStyle = Automatic;
					};
				};
			};
			buildConfigurationList = D8485B551EC3873B00888EB1 /* Build configuration list for PBXProject "BrilliantBoardGames" */;
			compatibilityVersion = "Xcode 3.2";
			developmentRegion = English;
			hasScannedForEncodings = 0;
			knownRegions = (
				en,
			);
			mainGroup = D8485B511EC3873B00888EB1;
			productRefGroup = D8485B5B1EC3873B00888EB1 /* Products */;
			projectDirPath = "";
			projectRoot = "";
			targets = (
				D8485B591EC3873B00888EB1 /* BrilliantBoardGames */,
			);
		};
/* End PBXProject section */

/* Begin PBXSourcesBuildPhase section */
		D8485B561EC3873B00888EB1 /* Sources */ = {
			isa = PBXSourcesBuildPhase;
			buildActionMask = 2147483647;
			files = (
				D8691D331EC8CDE900314144 /* Hound.cpp in Sources */,
				D8691D2D1EC8B71A00314144 /* FoxAndHounds.cpp in Sources */,
				D8485B6C1EC3E07000888EB1 /* Piece.cpp in Sources */,
				D8485B691EC3883B00888EB1 /* Board.cpp in Sources */,
				D8485B5E1EC3873B00888EB1 /* main.cpp in Sources */,
				D8691D301EC8CC2500314144 /* Fox.cpp in Sources */,
				D8485B661EC3876800888EB1 /* Game.cpp in Sources */,
				D8485B6F1EC3EAF700888EB1 /* Player.cpp in Sources */,
			);
			runOnlyForDeploymentPostprocessing = 0;
		};
/* End PBXSourcesBuildPhase section */

/* Begin XCBuildConfiguration section */
		D8485B5F1EC3873B00888EB1 /* Debug */ = {
			isa = XCBuildConfiguration;
			buildSettings = {
				ALWAYS_SEARCH_USER_PATHS = NO;
				CLANG_ANALYZER_NONNULL = YES;
				CLANG_ANALYZER_NUMBER_OBJECT_CONVERSION = YES_AGGRESSIVE;
				CLANG_CXX_LANGUAGE_STANDARD = "gnu++0x";
				CLANG_CXX_LIBRARY = "libc++";
				CLANG_ENABLE_MODULES = YES;
				CLANG_ENABLE_OBJC_ARC = YES;
				CLANG_WARN_BOOL_CONVERSION = YES;
				CLANG_WARN_CONSTANT_CONVERSION = YES;
				CLANG_WARN_DIRECT_OBJC_ISA_USAGE = YES_ERROR;
				CLANG_WARN_DOCUMENTATION_COMMENTS = YES;
				CLANG_WARN_EMPTY_BODY = YES;
				CLANG_WARN_ENUM_CONVERSION = YES;
				CLANG_WARN_INFINITE_RECURSION = YES;
				CLANG_WARN_INT_CONVERSION = YES;
				CLANG_WARN_OBJC_ROOT_CLASS = YES_ERROR;
				CLANG_WARN_SUSPICIOUS_MOVE = YES;
				CLANG_WARN_UNREACHABLE_CODE = YES;
				CLANG_WARN__DUPLICATE_METHOD_MATCH = YES;
				CODE_SIGN_IDENTITY = "-";
				COPY_PHASE_STRIP = NO;
				DEBUG_INFORMATION_FORMAT = dwarf;
				ENABLE_STRICT_OBJC_MSGSEND = YES;
				ENABLE_TESTABILITY = YES;
				GCC_C_LANGUAGE_STANDARD = gnu99;
				GCC_DYNAMIC_NO_PIC = NO;
				GCC_NO_COMMON_BLOCKS = YES;
				GCC_OPTIMIZATION_LEVEL = 0;
				GCC_PREPROCESSOR_DEFINITIONS = (
					"DEBUG=1",
					"$(inherited)",
				);
				GCC_WARN_64_TO_32_BIT_CONVERSION = YES;
				GCC_WARN_ABOUT_RETURN_TYPE = YES_ERROR;
				GCC_WARN_UNDECLARED_SELECTOR = YES;
				GCC_WARN_UNINITIALIZED_AUTOS = YES_AGGRESSIVE;
				GCC_WARN_UNUSED_FUNCTION = YES;
				GCC_WARN_UNUSED_VARIABLE = YES;
				MACOSX_DEPLOYMENT_TARGET = 10.12;
				MTL_ENABLE_DEBUG_INFO = YES;
				ONLY_ACTIVE_ARCH = YES;
				SDKROOT = macosx;
			};
			name = Debug;
		};
		D8485B601EC3873B00888EB1 /* Release */ = {
			isa = XCBuildConfiguration;
			buildSettings = {
				ALWAYS_SEARCH_USER_PATHS = NO;
				CLANG_ANALYZER_NONNULL = YES;
				CLANG_ANALYZER_NUMBER_OBJECT_CONVERSION = YES_AGGRESSIVE;
				CLANG_CXX_LANGUAGE_STANDARD = "gnu++0x";
				CLANG_CXX_LIBRARY = "libc++";
				CLANG_ENABLE_MODULES = YES;
				CLANG_ENABLE_OBJC_ARC = YES;
				CLANG_WARN_BOOL_CONVERSION = YES;
				CLANG_WARN_CONSTANT_CONVERSION = YES;
				CLANG_WARN_DIRECT_OBJC_ISA_USAGE = YES_ERROR;
				CLANG_WARN_DOCUMENTATION_COMMENTS = YES;
				CLANG_WARN_EMPTY_BODY = YES;
				CLANG_WARN_ENUM_CONVERSION = YES;
				CLANG_WARN_INFINITE_RECURSION = YES;
				CLANG_WARN_INT_CONVERSION = YES;
				CLANG_WARN_OBJC_ROOT_CLASS = YES_ERROR;
				CLANG_WARN_SUSPICIOUS_MOVE = YES;
				CLANG_WARN_UNREACHABLE_CODE = YES;
				CLANG_WARN__DUPLICATE_METHOD_MATCH = YES;
				CODE_SIGN_IDENTITY = "-";
				COPY_PHASE_STRIP = NO;
				DEBUG_INFORMATION_FORMAT = "dwarf-with-dsym";
				ENABLE_NS_ASSERTIONS = NO;
				ENABLE_STRICT_OBJC_MSGSEND = YES;
				GCC_C_LANGUAGE_STANDARD = gnu99;
				GCC_NO_COMMON_BLOCKS = YES;
				GCC_WARN_64_TO_32_BIT_CONVERSION = YES;
				GCC_WARN_ABOUT_RETURN_TYPE = YES_ERROR;
				GCC_WARN_UNDECLARED_SELECTOR = YES;
				GCC_WARN_UNINITIALIZED_AUTOS = YES_AGGRESSIVE;
				GCC_WARN_UNUSED_FUNCTION = YES;
				GCC_WARN_UNUSED_VARIABLE = YES;
				MACOSX_DEPLOYMENT_TARGET = 10.12;
				MTL_ENABLE_DEBUG_INFO = NO;
				SDKROOT = macosx;
			};
			name = Release;
		};
		D8485B621EC3873B00888EB1 /* Debug */ = {
			isa = XCBuildConfiguration;
			buildSettings = {
				PRODUCT_NAME = "$(TARGET_NAME)";
			};
			name = Debug;
		};
		D8485B631EC3873B00888EB1 /* Release */ = {
			isa = XCBuildConfiguration;
			buildSettings = {
				PRODUCT_NAME = "$(TARGET_NAME)";
			};
			name = Release;
		};
/* End XCBuildConfiguration section */

/* Begin XCConfigurationList section */
		D8485B551EC3873B00888EB1 /* Build configuration list for PBXProject "BrilliantBoardGames" */ = {
			isa = XCConfigurationList;
			buildConfigurations = (
				D8485B5F1EC3873B00888EB1 /* Debug */,
				D8485B601EC3873B00888EB1 /* Release */,
			);
			defaultConfigurationIsVisible = 0;
			defaultConfigurationName = Release;
		};
		D8485B611EC3873B00888EB1 /* Build configuration list for PBXNativeTarget "BrilliantBoardGames" */ = {
			isa = XCConfigurationList;
			buildConfigurations = (
				D8485B621EC3873B00888EB1 /* Debug */,
				D8485B631EC3873B00888EB1 /* Release */,
			);
			defaultConfigurationIsVisible = 0;
			defaultConfigurationName = Release;
		};
/* End XCConfigurationList section */
	};
	rootObject = D8485B521EC3873B00888EB1 /* Project object */;
}
